
Microsoft Visual Studio Solution File, Format Version 12.00
# Visual Studio 15
VisualStudioVersion = 15.0.27428.2037
MinimumVisualStudioVersion = 10.0.40219.1
Project("{FAE04EC0-301F-11D3-BF4B-00C04F79EFBC}") = "TestString", "TestString\TestString.csproj", "{0639C814-B5F6-402C-A6B9-EC017B8A5F88}"
EndProject
Global
	GlobalSection(SolutionConfigurationPlatforms) = preSolution
		Debug|Any CPU = Debug|Any CPU
		Release|Any CPU = Release|Any CPU
	EndGlobalSection
	GlobalSection(ProjectConfigurationPlatforms) = postSolution
		{0639C814-B5F6-402C-A6B9-EC017B8A5F88}.Debug|Any CPU.ActiveCfg = Debug|Any CPU
		{0639C814-B5F6-402C-A6B9-EC017B8A5F88}.Debug|Any CPU.Build.0 = Debug|Any CPU
		{0639C814-B5F6-402C-A6B9-EC017B8A5F88}.Release|Any CPU.ActiveCfg = Release|Any CPU
		{0639C814-B5F6-402C-A6B9-EC017B8A5F88}.Release|Any CPU.Build.0 = Release|Any CPU
	EndGlobalSection
	GlobalSection(SolutionProperties) = preSolution
		HideSolutionNode = FALSE
	EndGlobalSection
	GlobalSection(ExtensibilityGlobals) = postSolution
		SolutionGuid = {3F0BF351-AD72-4E64-B712-E3C933E660ED}
	EndGlobalSection
EndGlobal
